github.com/StackExchange/wmi v1.2.1 h1:VIkavFPXSjcnS+O8yTq7NI32k0R5Aj+v39y29VYDOSA=
github.com/StackExchange/wmi v1.2.1/go.mod h1:rcmrprowKIVzvc+NUiLncP2uuArMWLCbu9SBzvHz7e8=
github.com/creack/pty v1.1.9/go.mod h1:oKZEueFk5CKHvIhNR5MUki03XCEU+Q6VDXinZuGJ33E=
github.com/ghodss/yaml v1.0.0 h1:wQHKEahhL6wmXdzwWG11gIVCkOv05bNOh+Rxn0yngAk=
github.com/ghodss/yaml v1.0.0/go.mod h1:4dBDuWmgqj2HViK6kFavaiC9ZROes6MMH2rRYeMEF04=
github.com/go-ole/go-ole v1.2.5/go.mod h1:pprOEPIfldk/42T2oK7lQ4v4JSDwmV0As9GaiUsvbm0=
github.com/go-ole/go-ole v1.2.6 h1:/Fpf6oFPoeFik9ty7siob0G6Ke8QvQEuVcuChpwXzpY=
github.com/go-ole/go-ole v1.2.6/go.mod h1:pprOEPIfldk/42T2oK7lQ4v4JSDwmV0As9GaiUsvbm0=
github.com/golang/protobuf v1.5.0/go.mod h1:FsONVRAS9T7sI+LIUmWTfcYkHO4aIWwzhcaSAoJOfIk=
github.com/golang/protobuf v1.5.2 h1:ROPKBNFfQgOUMifHyP+KYbvpjbdoFNs+aK7DXlji0Tw=
github.com/golang/protobuf v1.5.2/go.mod h1:XVQd3VNwM+JqD3oG2Ue2ip4fOMUkwXdXDdiuN0vRsmY=
github.com/golang/protobuf v1.5.3 h1:KhyjKVUg7Usr/dYsdSqoFveMYd5ko72D+zANwlG1mmg=
github.com/golang/protobuf v1.5.3/go.mod h1:XVQd3VNwM+JqD3oG2Ue2ip4fOMUkwXdXDdiuN0vRsmY=
github.com/google/go-cmp v0.5.5/go.mod h1:v8dTdLbMG2kIc/vJvl+f65V22dbkXbowE6jgT/gNBxE=
github.com/google/go-cmp v0.5.9 h1:O2Tfq5qg4qc4AmwVlvv0oLiVAGB7enBSJ2x2DqQFi38=
github.com/grpc-ecosystem/grpc-gateway/v2 v2.18.0 h1:RtRsiaGvWxcwd8y3BiRZxsylPT8hLWZ5SPcfI+3IDNk=
github.com/grpc-ecosystem/grpc-gateway/v2 v2.18.0/go.mod h1:TzP6duP4Py2pHLVPPQp42aoYI92+PCrVotyR5e8Vqlk=
github.com/jaypipes/ghw v0.10.0 h1:UHu9UX08Py315iPojADFPOkmjTsNzHj4g4adsNKKteY=
github.com/jaypipes/ghw v0.10.0/go.mod h1:jeJGbkRB2lL3/gxYzNYzEDETV1ZJ56OKr+CSeSEym+g=
github.com/jaypipes/ghw v0.10.1-0.20230329185050-227643e14380 h1:jyt0G4jRwqNEbe+oeUy21l/0+QopoMXnnz1Xb3W3cUA=
github.com/jaypipes/ghw v0.10.1-0.20230329185050-227643e14380/go.mod h1:jeJGbkRB2lL3/gxYzNYzEDETV1ZJ56OKr+CSeSEym+g=
github.com/jaypipes/ghw v0.10.1-0.20230504185505-3ff88ab77a9e h1:iMbljUn3uJ1fiOZwxmyWBFGM52DYosibqf09EXLyXB4=
github.com/jaypipes/ghw v0.10.1-0.20230504185505-3ff88ab77a9e/go.mod h1:jeJGbkRB2lL3/gxYzNYzEDETV1ZJ56OKr+CSeSEym+g=
github.com/jaypipes/ghw v0.10.1-0.20230512193701-36ff37eb3bdf h1:39oOWIWZUVdnHJC4xpjVLS+mNcrJBIx6pMuF8mRCuuo=
github.com/jaypipes/ghw v0.10.1-0.20230512193701-36ff37eb3bdf/go.mod h1:jeJGbkRB2lL3/gxYzNYzEDETV1ZJ56OKr+CSeSEym+g=
github.com/jaypipes/ghw v0.11.0 h1:i0pKvAM7eZk0KvLm9vzpcpDKTRnfR6AQ5pFkPVnYJXU=
github.com/jaypipes/ghw v0.11.0/go.mod h1:jeJGbkRB2lL3/gxYzNYzEDETV1ZJ56OKr+CSeSEym+g=
github.com/jaypipes/ghw v0.12.0 h1:xU2/MDJfWmBhJnujHY9qwXQLs3DBsf0/Xa9vECY0Tho=
github.com/jaypipes/ghw v0.12.0/go.mod h1:jeJGbkRB2lL3/gxYzNYzEDETV1ZJ56OKr+CSeSEym+g=
github.com/jaypipes/pcidb v1.0.0 h1:vtZIfkiCUE42oYbJS0TAq9XSfSmcsgo9IdxSm9qzYU8=
github.com/jaypipes/pcidb v1.0.0/go.mod h1:TnYUvqhPBzCKnH34KrIX22kAeEbDCSRJ9cqLRCuNDfk=
github.com/jessevdk/go-flags v1.4.0/go.mod h1:4FA24M0QyGHXBuZZK/XkWh8h0e1EYbRYJSGM75WSRxI=
github.com/kr/pretty v0.1.0 h1:L/CwN0zerZDmRFUapSPitk6f+Q3+0za1rQkzVuMiMFI=
github.com/kr/pretty v0.3.1 h1:flRD4NNwYAUpkphVc1HcthR4KEIFJ65n8Mw5qdRn3LE=
github.com/kr/text v0.2.0 h1:5Nx0Ya0ZqY2ygV366QzturHI13Jq95ApcVaJBhpS+AY=
github.com/kr/text v0.2.0/go.mod h1:eLer722TekiGuMkidMxC/pM04lWEeraHUUmBw8l2grE=
github.com/mitchellh/go-homedir v1.1.0 h1:lukF9ziXFxDFPkA1vsr5zpc1XuPDn/wFntq5mG+4E0Y=
github.com/mitchellh/go-homedir v1.1.0/go.mod h1:SfyaCUpYCn1Vlf4IUYiD9fPX4A5wJrkLzIz1N1q0pr0=
github.com/opiproject/opi-api v0.0.0-20230217225700-3afcc11ed35a h1:Lgi6SA+V3FiwUhDZJremP3+GoXRRLhFThdReHr2NEGM=
github.com/opiproject/opi-api v0.0.0-20230217225700-3afcc11ed35a/go.mod h1:92pv4ulvvPMuxCJ9ND3aYbmBfEMLx0VCjpkiR7ZTqPY=
github.com/opiproject/opi-api v0.0.0-20230217231118-136a80b2cf1a h1:U/NwI1UBE0aPZDe3vGaYrUW5sr5zsihWg705VFo0m6c=
github.com/opiproject/opi-api v0.0.0-20230217231118-136a80b2cf1a/go.mod h1:92pv4ulvvPMuxCJ9ND3aYbmBfEMLx0VCjpkiR7ZTqPY=
github.com/opiproject/opi-api v0.0.0-20230220230240-4bbc7d19755f h1:JZ6rEnjFa+6jqMsKZGJg1mfrt2AlNtKSaNO8tQEISwQ=
github.com/opiproject/opi-api v0.0.0-20230220230240-4bbc7d19755f/go.mod h1:92pv4ulvvPMuxCJ9ND3aYbmBfEMLx0VCjpkiR7ZTqPY=
github.com/opiproject/opi-api v0.0.0-20230225230919-cfabce5c411a h1:E5tC1MquOj4pV3Y+Q+fRxczlRKPm4WReyANFt66ERSA=
github.com/opiproject/opi-api v0.0.0-20230225230919-cfabce5c411a/go.mod h1:92pv4ulvvPMuxCJ9ND3aYbmBfEMLx0VCjpkiR7ZTqPY=
github.com/opiproject/opi-api v0.0.0-20230303012813-84a85a3b3082 h1:1cKSew5oLFFMSt8rAS0QaIlfNXK6Hip8OOyWCrk/jdQ=
github.com/opiproject/opi-api v0.0.0-20230303012813-84a85a3b3082/go.mod h1:92pv4ulvvPMuxCJ9ND3aYbmBfEMLx0VCjpkiR7ZTqPY=
github.com/opiproject/opi-api v0.0.0-20230303162737-328ef45a14b7 h1:Dus38YGXSg3Dbtm1rYVgdC78CZAV5VkmFpKESscGk4E=
github.com/opiproject/opi-api v0.0.0-20230303162737-328ef45a14b7/go.mod h1:92pv4ulvvPMuxCJ9ND3aYbmBfEMLx0VCjpkiR7ZTqPY=
github.com/opiproject/opi-api v0.0.0-20230308182040-4d50cc36139e h1:JcVtrEWG15BD2Z1BK02HO50gJBAG/iwo8/kESUmYxPY=
github.com/opiproject/opi-api v0.0.0-20230308182040-4d50cc36139e/go.mod h1:92pv4ulvvPMuxCJ9ND3aYbmBfEMLx0VCjpkiR7ZTqPY=
github.com/opiproject/opi-api v0.0.0-20230310172447-05176c3f7750 h1:V/HlKKhe7JXzH9kYc81k7wXu1tZjsWMwW+nkGbhzsMo=
github.com/opiproject/opi-api v0.0.0-20230310172447-05176c3f7750/go.mod h1:92pv4ulvvPMuxCJ9ND3aYbmBfEMLx0VCjpkiR7ZTqPY=
github.com/opiproject/opi-api v0.0.0-20230317155034-0605e35f1e29 h1:EvCglUZjMQtTm1BS+ApxBnHtKFBsM4/Z3Eq3SDqACTE=
github.com/opiproject/opi-api v0.0.0-20230317155034-0605e35f1e29/go.mod h1:92pv4ulvvPMuxCJ9ND3aYbmBfEMLx0VCjpkiR7ZTqPY=
github.com/opiproject/opi-api v0.0.0-20230321130819-26d7a341e5cf h1:y2cJbxE1YzQ4szJtTNt+DvgYBmMfgb6syxEna/z39vQ=
github.com/opiproject/opi-api v0.0.0-20230321130819-26d7a341e5cf/go.mod h1:92pv4ulvvPMuxCJ9ND3aYbmBfEMLx0VCjpkiR7ZTqPY=
github.com/opiproject/opi-api v0.0.0-20230324143335-625e66a59b8a h1:Jwp1VwZMPuGCPln4c62s1QUMNhJ/+BY9QTVu0U3utdU=
github.com/opiproject/opi-api v0.0.0-20230324143335-625e66a59b8a/go.mod h1:92pv4ulvvPMuxCJ9ND3aYbmBfEMLx0VCjpkiR7ZTqPY=
github.com/opiproject/opi-api v0.0.0-20230330192808-3ba8d58f5c82 h1:vLujbS8BSFRaocJAfBsmL9k4OmL6wSPTDe5fLmpPQeI=
github.com/opiproject/opi-api v0.0.0-20230330192808-3ba8d58f5c82/go.mod h1:92pv4ulvvPMuxCJ9ND3aYbmBfEMLx0VCjpkiR7ZTqPY=
github.com/opiproject/opi-api v0.0.0-20230404182329-b6f178ec8cfa h1:TtoCz6WjWcUstDaJ0GxbzRDCaRQ5+Uq4rRGnPDo/i5w=
github.com/opiproject/opi-api v0.0.0-20230404182329-b6f178ec8cfa/go.mod h1:92pv4ulvvPMuxCJ9ND3aYbmBfEMLx0VCjpkiR7ZTqPY=
github.com/opiproject/opi-api v0.0.0-20230414115038-99f54163f0e6 h1:Xbbgo63m6OWXLCDRacni1TpV8mbF93+KRD+0ZgIb/bM=
github.com/opiproject/opi-api v0.0.0-20230414115038-99f54163f0e6/go.mod h1:92pv4ulvvPMuxCJ9ND3aYbmBfEMLx0VCjpkiR7ZTqPY=
github.com/opiproject/opi-api v0.0.0-20230420192212-eb4dd1c1e3dc h1:6j1EwYS+pOaHaxeSU83wede+UgtURLxUtCUH85fAAFo=
github.com/opiproject/opi-api v0.0.0-20230420192212-eb4dd1c1e3dc/go.mod h1:92pv4ulvvPMuxCJ9ND3aYbmBfEMLx0VCjpkiR7ZTqPY=
github.com/opiproject/opi-api v0.0.0-20230426001346-acde1805fecd h1:YS4HdXdfnVGls3mFFyoy5xM5a/s8+WSjNg4NJBb6SQo=
github.com/opiproject/opi-api v0.0.0-20230426001346-acde1805fecd/go.mod h1:92pv4ulvvPMuxCJ9ND3aYbmBfEMLx0VCjpkiR7ZTqPY=
github.com/opiproject/opi-api v0.0.0-20230427144911-9638639fdf99 h1:Dbvvo6SO1SIP3Fa8BioiXNDqvvxAfGEA9JtnZI1zd/c=
github.com/opiproject/opi-api v0.0.0-20230427144911-9638639fdf99/go.mod h1:92pv4ulvvPMuxCJ9ND3aYbmBfEMLx0VCjpkiR7ZTqPY=
github.com/opiproject/opi-api v0.0.0-20230504180422-da1d8ce22515 h1:8ANCsElk0GcY2RY4DTo+SNUuzIPFCFpsJj5U5CH0Sec=
github.com/opiproject/opi-api v0.0.0-20230504180422-da1d8ce22515/go.mod h1:92pv4ulvvPMuxCJ9ND3aYbmBfEMLx0VCjpkiR7ZTqPY=
github.com/opiproject/opi-api v0.0.0-20230511183445-d8ac77a12618 h1:XKa7LtF1zewDhWAN5Turp/Qj2TyRfcWosSVvq3ILJMU=
github.com/opiproject/opi-api v0.0.0-20230511183445-d8ac77a12618/go.mod h1:92pv4ulvvPMuxCJ9ND3aYbmBfEMLx0VCjpkiR7ZTqPY=
github.com/opiproject/opi-api v0.0.0-20230525195117-1db0f9cbae90 h1:YUkLBe4aBO2oHnHniHDybwlE6afytkVr6ma5JuScC3k=
github.com/opiproject/opi-api v0.0.0-20230525195117-1db0f9cbae90/go.mod h1:92pv4ulvvPMuxCJ9ND3aYbmBfEMLx0VCjpkiR7ZTqPY=
github.com/opiproject/opi-api v0.0.0-20230603003023-432a550f4f6c h1:EqlJl4rjIbCA8ZXXAoPtNba14BmJla8N5acy91SHis0=
github.com/opiproject/opi-api v0.0.0-20230603003023-432a550f4f6c/go.mod h1:92pv4ulvvPMuxCJ9ND3aYbmBfEMLx0VCjpkiR7ZTqPY=
github.com/opiproject/opi-api v0.0.0-20230617012429-e33accd8da8d h1:y6jp6k4yUotJaqPlr7BNjLIrbMjcoc604ycsMO+FcXk=
github.com/opiproject/opi-api v0.0.0-20230617012429-e33accd8da8d/go.mod h1:92pv4ulvvPMuxCJ9ND3aYbmBfEMLx0VCjpkiR7ZTqPY=
github.com/opiproject/opi-api v0.0.0-20230621122829-ab0b6c932d58 h1:iXsb9E47HjburlQwtbU3CNjY21q1yXPLdopXflIDeCg=
github.com/opiproject/opi-api v0.0.0-20230621122829-ab0b6c932d58/go.mod h1:92pv4ulvvPMuxCJ9ND3aYbmBfEMLx0VCjpkiR7ZTqPY=
github.com/opiproject/opi-api v0.0.0-20230703070051-66209d5198ad h1:I28tptO82aMVhWgDS7YznExiyU/PyeNhuPxITEtv6R4=
github.com/opiproject/opi-api v0.0.0-20230703070051-66209d5198ad/go.mod h1:92pv4ulvvPMuxCJ9ND3aYbmBfEMLx0VCjpkiR7ZTqPY=
github.com/opiproject/opi-api v0.0.0-20230706163947-5b8771b8cd19 h1:HUCl/sk0Aew10FAqt9OWwgB94X17bZCbTuvmLCQkXHs=
github.com/opiproject/opi-api v0.0.0-20230706163947-5b8771b8cd19/go.mod h1:92pv4ulvvPMuxCJ9ND3aYbmBfEMLx0VCjpkiR7ZTqPY=
github.com/opiproject/opi-api v0.0.0-20230713203751-f1f72eaaee0e h1:dFlwXYeXuRPKe5w40eDYMpc3+1zCQDXS+9W/5LWCnbU=
github.com/opiproject/opi-api v0.0.0-20230713203751-f1f72eaaee0e/go.mod h1:92pv4ulvvPMuxCJ9ND3aYbmBfEMLx0VCjpkiR7ZTqPY=
github.com/opiproject/opi-api v0.0.0-20230721161716-ea8314a63ccb h1:N8wK6C6A7Y4fr9SECSvTTUMhcD2xZ6t2W+/NO9vy768=
github.com/opiproject/opi-api v0.0.0-20230721161716-ea8314a63ccb/go.mod h1:92pv4ulvvPMuxCJ9ND3aYbmBfEMLx0VCjpkiR7ZTqPY=
github.com/opiproject/opi-api v0.0.0-20230728150746-cc0946b7cec4 h1:wOsrhHoOo5h1S7BwcPoQsWPPb0ILV6QNX8Fc53GqQ/o=
github.com/opiproject/opi-api v0.0.0-20230728150746-cc0946b7cec4/go.mod h1:92pv4ulvvPMuxCJ9ND3aYbmBfEMLx0VCjpkiR7ZTqPY=
github.com/opiproject/opi-api v0.0.0-20230803153709-1e58d25ae2be h1:YwIWGD+r0FHjuAjLq+ISExvm39bBpipZdAYe0cM5D9I=
github.com/opiproject/opi-api v0.0.0-20230803153709-1e58d25ae2be/go.mod h1:92pv4ulvvPMuxCJ9ND3aYbmBfEMLx0VCjpkiR7ZTqPY=
github.com/opiproject/opi-api v0.0.0-20230811153555-425899c0550b h1:S93TcEyc6vDg3lbLXFSTihpEtcEoubFg7T6OOpVg8uI=
github.com/opiproject/opi-api v0.0.0-20230811153555-425899c0550b/go.mod h1:92pv4ulvvPMuxCJ9ND3aYbmBfEMLx0VCjpkiR7ZTqPY=
github.com/opiproject/opi-api v0.0.0-20230812010918-f241fade9773 h1:WD15a4rKs6UYaLvbgAlINcW40plx7OJgBTNIbr9WRS0=
github.com/opiproject/opi-api v0.0.0-20230812010918-f241fade9773/go.mod h1:92pv4ulvvPMuxCJ9ND3aYbmBfEMLx0VCjpkiR7ZTqPY=
github.com/opiproject/opi-api v0.0.0-20230814154012-8e3a291121b9 h1:4CmLT/PIl9BY65KgXQjXwwYl8Ka7CzY03jphYeu+6mg=
github.com/opiproject/opi-api v0.0.0-20230814154012-8e3a291121b9/go.mod h1:92pv4ulvvPMuxCJ9ND3aYbmBfEMLx0VCjpkiR7ZTqPY=
github.com/opiproject/opi-api v0.0.0-20230826011814-48b273e85a4f h1:LGBMsOd0tDVnf99xofFwmqoVCsd/RapCHHqgxS1qwRA=
github.com/opiproject/opi-api v0.0.0-20230826011814-48b273e85a4f/go.mod h1:92pv4ulvvPMuxCJ9ND3aYbmBfEMLx0VCjpkiR7ZTqPY=
github.com/opiproject/opi-api v0.0.0-20230831141553-56e46f754823 h1:MrJE4bh6zSYVkf78Wz+lzD8TsFnn/OFn7l0S0WFkJR8=
github.com/opiproject/opi-api v0.0.0-20230831141553-56e46f754823/go.mod h1:92pv4ulvvPMuxCJ9ND3aYbmBfEMLx0VCjpkiR7ZTqPY=
github.com/opiproject/opi-api v0.0.0-20230908135156-02d38276b0f2 h1:ye6T8WPpLHuk1nZmnuWV6VlPwDp69d/SipHku7xVRdo=
github.com/opiproject/opi-api v0.0.0-20230908135156-02d38276b0f2/go.mod h1:92pv4ulvvPMuxCJ9ND3aYbmBfEMLx0VCjpkiR7ZTqPY=
github.com/opiproject/opi-api v0.0.0-20230911203412-3b18c0431f46 h1:3vqh9D/kLJ4mmPPlm0hW6yUa/LD26NtFHHsH3KdxVyw=
github.com/opiproject/opi-api v0.0.0-20230911203412-3b18c0431f46/go.mod h1:92pv4ulvvPMuxCJ9ND3aYbmBfEMLx0VCjpkiR7ZTqPY=
github.com/opiproject/opi-api v0.0.0-20230912155417-7e8775405e73 h1:NcvvILlduNtwvnx4nFTWSylUBy0TbX0uUboUkY+NjxQ=
github.com/opiproject/opi-api v0.0.0-20230912155417-7e8775405e73/go.mod h1:92pv4ulvvPMuxCJ9ND3aYbmBfEMLx0VCjpkiR7ZTqPY=
github.com/opiproject/opi-api v0.0.0-20230921193204-fe751a63af0b h1:UsMVDJw78tMjfSYMH6UGyXPDo2zEwpM1Yt/RlZQrj4Q=
github.com/opiproject/opi-api v0.0.0-20230921193204-fe751a63af0b/go.mod h1:92pv4ulvvPMuxCJ9ND3aYbmBfEMLx0VCjpkiR7ZTqPY=
github.com/opiproject/opi-api v0.0.0-20230924031502-67b3821b62cf h1:i7kajMeK+FCJzVPEF5NXvc1y3joJLOz71/rNxtu7IMo=
github.com/opiproject/opi-api v0.0.0-20230924031502-67b3821b62cf/go.mod h1:92pv4ulvvPMuxCJ9ND3aYbmBfEMLx0VCjpkiR7ZTqPY=
github.com/opiproject/opi-api v0.0.0-20230926113732-f307f1aa0bd1 h1:BG8LBieb6Fomf2IBoodUE1QUauf5Cn8XWtqU2rK7NIE=
github.com/opiproject/opi-api v0.0.0-20230926113732-f307f1aa0bd1/go.mod h1:92pv4ulvvPMuxCJ9ND3aYbmBfEMLx0VCjpkiR7ZTqPY=
github.com/opiproject/opi-api v0.0.0-20231009064235-b166668c8a86 h1:lHZuWCy8La/nSZr2IAnLbrNV6JHCmWS1IMlTM73mPVM=
github.com/opiproject/opi-api v0.0.0-20231009064235-b166668c8a86/go.mod h1:92pv4ulvvPMuxCJ9ND3aYbmBfEMLx0VCjpkiR7ZTqPY=
github.com/opiproject/opi-api v0.0.0-20231012135448-00e9f8d63cb4 h1:dvvG4m7/+P8rmQUO5LqxQij1Q5XmKjJ6LXnQ0+LFWvg=
github.com/opiproject/opi-api v0.0.0-20231012135448-00e9f8d63cb4/go.mod h1:92pv4ulvvPMuxCJ9ND3aYbmBfEMLx0VCjpkiR7ZTqPY=
github.com/opiproject/opi-api v0.0.0-20231016162146-d81cc5ee60d4 h1:q20p6Hg4Un2St+vnw1b1sMSYTDg6bK0PbNrMb5xi7QU=
github.com/opiproject/opi-api v0.0.0-20231016162146-d81cc5ee60d4/go.mod h1:92pv4ulvvPMuxCJ9ND3aYbmBfEMLx0VCjpkiR7ZTqPY=
github.com/pkg/errors v0.9.1 h1:FEBLx1zS214owpjy7qsBeixbURkuhQAwrK5UwLGTwt4=
github.com/pkg/errors v0.9.1/go.mod h1:bwawxfHBFNV+L2hUp1rHADufV3IMtnDRdf1r5NINEl0=
golang.org/x/net v0.5.0 h1:GyT4nK/YDHSqa1c4753ouYCDajOYKTja9Xb/OHtgvSw=
golang.org/x/net v0.5.0/go.mod h1:DivGGAXEgPSlEBzxGzZI+ZLohi+xUj054jfeKui00ws=
golang.org/x/net v0.7.0 h1:rJrUqqhjsgNp7KqAIc25s9pZnjU7TUcSY7HcVZjdn1g=
golang.org/x/net v0.7.0/go.mod h1:2Tu9+aMcznHK/AK1HMvgo6xiTLG5rD5rZLDS+rp2Bjs=
golang.org/x/net v0.8.0 h1:Zrh2ngAOFYneWTAIAPethzeaQLuHwhuBkuV6ZiRnUaQ=
golang.org/x/net v0.8.0/go.mod h1:QVkue5JL9kW//ek3r6jTKnTFis1tRmNAW2P1shuFdJc=
golang.org/x/net v0.9.0 h1:aWJ/m6xSmxWBx+V0XRHTlrYrPG56jKsLdTFmsSsCzOM=
golang.org/x/net v0.9.0/go.mod h1:d48xBJpPfHeWQsugry2m+kC02ZBRGRgulfHnEXEuWns=
golang.org/x/net v0.12.0 h1:cfawfvKITfUsFCeJIHJrbSxpeu/E81khclypR0GVT50=
golang.org/x/net v0.12.0/go.mod h1:zEVYFnQC7m/vmpQFELhcD1EWkZlX69l4oqgmer6hfKA=
golang.org/x/net v0.15.0 h1:ugBLEUaxABaB5AJqW9enI0ACdci2RUd4eP51NTBvuJ8=
golang.org/x/net v0.15.0/go.mod h1:idbUs1IY1+zTqbi8yxTbhexhEEk5ur9LInksu6HrEpk=
golang.org/x/sync v0.0.0-20190423024810-112230192c58/go.mod h1:RxMgew5VJxzue5/jJTE5uejpjVlOe/izrB70Jof72aM=
golang.org/x/sys v0.0.0-20190916202348-b4ddaad3f8a3/go.mod h1:h1NjWce9XRLGQEsW7wpKNCjG9DtNlClVuFLEZdDNbEs=
golang.org/x/sys v0.4.0 h1:Zr2JFtRQNX3BCZ8YtxRE9hNJYC8J6I1MVbMg6owUp18=
golang.org/x/sys v0.4.0/go.mod h1:oPkhp1MJrh7nUepCBck5+mAzfO9JrbApNNgaTdGDITg=
golang.org/x/sys v0.5.0 h1:MUK/U/4lj1t1oPg0HfuXDN/Z1wv31ZJ/YcPiGccS4DU=
golang.org/x/sys v0.5.0/go.mod h1:oPkhp1MJrh7nUepCBck5+mAzfO9JrbApNNgaTdGDITg=
golang.org/x/sys v0.6.0 h1:MVltZSvRTcU2ljQOhs94SXPftV6DCNnZViHeQps87pQ=
golang.org/x/sys v0.6.0/go.mod h1:oPkhp1MJrh7nUepCBck5+mAzfO9JrbApNNgaTdGDITg=
golang.org/x/sys v0.7.0 h1:3jlCCIQZPdOYu1h8BkNvLz8Kgwtae2cagcG/VamtZRU=
golang.org/x/sys v0.7.0/go.mod h1:oPkhp1MJrh7nUepCBck5+mAzfO9JrbApNNgaTdGDITg=
golang.org/x/sys v0.10.0 h1:SqMFp9UcQJZa+pmYuAKjd9xq1f0j5rLcDIk0mj4qAsA=
golang.org/x/sys v0.10.0/go.mod h1:oPkhp1MJrh7nUepCBck5+mAzfO9JrbApNNgaTdGDITg=
golang.org/x/sys v0.12.0 h1:CM0HF96J0hcLAwsHPJZjfdNzs0gftsLfgKt57wWHJ0o=
golang.org/x/sys v0.12.0/go.mod h1:oPkhp1MJrh7nUepCBck5+mAzfO9JrbApNNgaTdGDITg=
golang.org/x/text v0.6.0 h1:3XmdazWV+ubf7QgHSTWeykHOci5oeekaGJBLkrkaw4k=
golang.org/x/text v0.6.0/go.mod h1:mrYo+phRRbMaCq/xk9113O4dZlRixOauAjOtrjsXDZ8=
golang.org/x/text v0.7.0 h1:4BRB4x83lYWy72KwLD/qYDuTu7q9PjSagHvijDw7cLo=
golang.org/x/text v0.7.0/go.mod h1:mrYo+phRRbMaCq/xk9113O4dZlRixOauAjOtrjsXDZ8=
golang.org/x/text v0.8.0 h1:57P1ETyNKtuIjB4SRd15iJxuhj8Gc416Y78H3qgMh68=
golang.org/x/text v0.8.0/go.mod h1:e1OnstbJyHTd6l/uOt8jFFHp6TRDWZR/bV3emEE/zU8=
golang.org/x/text v0.9.0 h1:2sjJmO8cDvYveuX97RDLsxlyUxLl+GHoLxBiRdHllBE=
golang.org/x/text v0.9.0/go.mod h1:e1OnstbJyHTd6l/uOt8jFFHp6TRDWZR/bV3emEE/zU8=
golang.org/x/text v0.11.0 h1:LAntKIrcmeSKERyiOh0XMV39LXS8IE9UL2yP7+f5ij4=
golang.org/x/text v0.11.0/go.mod h1:TvPlkZtksWOMsz7fbANvkp4WM8x/WCo/om8BMLbz+aE=
golang.org/x/text v0.13.0 h1:ablQoSUd0tRdKxZewP80B+BaqeKJuVhuRxj/dkrun3k=
golang.org/x/text v0.13.0/go.mod h1:TvPlkZtksWOMsz7fbANvkp4WM8x/WCo/om8BMLbz+aE=
golang.org/x/xerrors v0.0.0-20191204190536-9bdfabe68543/go.mod h1:I/5z698sn9Ka8TeJc9MKroUUfqBBauWjQqLJ2OPfmY0=
google.golang.org/genproto v0.0.0-20230110181048-76db0878b65f h1:BWUVssLB0HVOSY78gIdvk1dTVYtT1y8SBWtPYuTJ/6w=
google.golang.org/genproto v0.0.0-20230110181048-76db0878b65f/go.mod h1:RGgjbofJ8xD9Sq1VVhDM1Vok1vRONV+rg+CjzG4SZKM=
google.golang.org/genproto v0.0.0-20230216225411-c8e22ba71e44 h1:EfLuoKW5WfkgVdDy7dTK8qSbH37AX5mj/MFh+bGPz14=
google.golang.org/genproto v0.0.0-20230216225411-c8e22ba71e44/go.mod h1:8B0gmkoRebU8ukX6HP+4wrVQUY1+6PkQ44BSyIlflHA=
google.golang.org/genproto v0.0.0-20230306155012-7f2fa6fef1f4 h1:DdoeryqhaXp1LtT/emMP1BRJPHHKFi5akj/nbx/zNTA=
google.golang.org/genproto v0.0.0-20230306155012-7f2fa6fef1f4/go.mod h1:NWraEVixdDnqcqQ30jipen1STv2r/n24Wb7twVTGR4s=
google.golang.org/genproto v0.0.0-20230410155749-daa745c078e1 h1:KpwkzHKEF7B9Zxg18WzOa7djJ+Ha5DzthMyZYQfEn2A=
google.golang.org/genproto v0.0.0-20230410155749-daa745c078e1/go.mod h1:nKE/iIaLqn2bQwXBg8f1g2Ylh6r5MN5CmZvuzZCgsCU=
google.golang.org/genproto v0.0.0-20230526161137-0005af68ea54 h1:9NWlQfY2ePejTmfwUH1OWwmznFa+0kKcHGPDvcPza9M=
google.golang.org/genproto v0.0.0-20230526161137-0005af68ea54/go.mod h1:zqTuNwFlFRsw5zIts5VnzLQxSRqh+CGOTVMlYbY0Eyk=
google.golang.org/genproto v0.0.0-20230711160842-782d3b101e98 h1:Z0hjGZePRE0ZBWotvtrwxFNrNE9CUAGtplaDK5NNI/g=
google.golang.org/genproto v0.0.0-20230711160842-782d3b101e98/go.mod h1:S7mY02OqCJTD0E1OiQy1F72PWFB4bZJ87cAtLPYgDR0=
google.golang.org/genproto v0.0.0-20230803162519-f966b187b2e5 h1:L6iMMGrtzgHsWofoFcihmDEMYeDR9KN/ThbPWGrh++g=
google.golang.org/genproto v0.0.0-20230803162519-f966b187b2e5/go.mod h1:oH/ZOT02u4kWEp7oYBGYFFkCdKS/uYR9Z7+0/xuuFp8=
google.golang.org/genproto v0.0.0-20230822172742-b8732ec3820d h1:VBu5YqKPv6XiJ199exd8Br+Aetz+o08F+PLMnwJQHAY=
google.golang.org/genproto v0.0.0-20230822172742-b8732ec3820d/go.mod h1:yZTlhN0tQnXo3h00fuXNCxJdLdIdnVFVBaRJ5LWBbw4=
google.golang.org/genproto/googleapis/api v0.0.0-20230525234035-dd9d682886f9 h1:m8v1xLLLzMe1m5P+gCTF8nJB9epwZQUBERm20Oy1poQ=
google.golang.org/genproto/googleapis/api v0.0.0-20230525234035-dd9d682886f9/go.mod h1:vHYtlOoi6TsQ3Uk2yxR7NI5z8uoV+3pZtR4jmHIkRig=
google.golang.org/genproto/googleapis/api v0.0.0-20230711160842-782d3b101e98 h1:FmF5cCW94Ij59cfpoLiwTgodWmm60eEV0CjlsVg2fuw=
google.golang.org/genproto/googleapis/api v0.0.0-20230711160842-782d3b101e98/go.mod h1:rsr7RhLuwsDKL7RmgDDCUc6yaGr1iqceVb5Wv6f6YvQ=
google.golang.org/genproto/googleapis/api v0.0.0-20230822172742-b8732ec3820d h1:DoPTO70H+bcDXcd39vOqb2viZxgqeBeSGtZ55yZU4/Q=
google.golang.org/genproto/googleapis/api v0.0.0-20230822172742-b8732ec3820d/go.mod h1:KjSP20unUpOx5kyQUFa7k4OJg0qeJ7DEZflGDu2p6Bk=
google.golang.org/genproto/googleapis/api v0.0.0-20230911183012-2d3300fd4832 h1:4E7rZzBdR5LmiZx6n47Dg4AjH8JLhMQWywsYqvXNLcs=
google.golang.org/genproto/googleapis/api v0.0.0-20230911183012-2d3300fd4832/go.mod h1:KjSP20unUpOx5kyQUFa7k4OJg0qeJ7DEZflGDu2p6Bk=
google.golang.org/genproto/googleapis/rpc v0.0.0-20230525234030-28d5490b6b19 h1:0nDDozoAU19Qb2HwhXadU8OcsiO/09cnTqhUtq2MEOM=
google.golang.org/genproto/googleapis/rpc v0.0.0-20230525234030-28d5490b6b19/go.mod h1:66JfowdXAEgad5O9NnYcsNPLCPZJD++2L9X0PCMODrA=
google.golang.org/genproto/googleapis/rpc v0.0.0-20230711160842-782d3b101e98 h1:bVf09lpb+OJbByTj913DRJioFFAjf/ZGxEz7MajTp2U=
google.golang.org/genproto/googleapis/rpc v0.0.0-20230711160842-782d3b101e98/go.mod h1:TUfxEVdsvPg18p6AslUXFoLdpED4oBnGwyqk3dV1XzM=
google.golang.org/genproto/googleapis/rpc v0.0.0-20230822172742-b8732ec3820d h1:uvYuEyMHKNt+lT4K3bN6fGswmK8qSvcreM3BwjDh+y4=
google.golang.org/genproto/googleapis/rpc v0.0.0-20230822172742-b8732ec3820d/go.mod h1:+Bk1OCOj40wS2hwAMA+aCW9ypzm63QTBBHp6lQ3p+9M=
google.golang.org/genproto/googleapis/rpc v0.0.0-20230911183012-2d3300fd4832 h1:o4LtQxebKIJ4vkzyhtD2rfUNZ20Zf0ik5YVP5E7G7VE=
google.golang.org/genproto/googleapis/rpc v0.0.0-20230911183012-2d3300fd4832/go.mod h1:+Bk1OCOj40wS2hwAMA+aCW9ypzm63QTBBHp6lQ3p+9M=
google.golang.org/grpc v1.53.0 h1:LAv2ds7cmFV/XTS3XG1NneeENYrXGmorPxsBbptIjNc=
google.golang.org/grpc v1.53.0/go.mod h1:OnIrk0ipVdj4N5d9IUoFUx72/VlD7+jUsHwZgwSMQpw=
google.golang.org/grpc v1.54.0 h1:EhTqbhiYeixwWQtAEZAxmV9MGqcjEU2mFx52xCzNyag=
google.golang.org/grpc v1.54.0/go.mod h1:PUSEXI6iWghWaB6lXM4knEgpJNu2qUcKfDtNci3EC2g=
google.golang.org/grpc v1.55.0 h1:3Oj82/tFSCeUrRTg/5E/7d/W5A1tj6Ky1ABAuZuv5ag=
google.golang.org/grpc v1.55.0/go.mod h1:iYEXKGkEBhg1PjZQvoYEVPTDkHo1/bjTnfwTeGONTY8=
google.golang.org/grpc v1.56.0 h1:+y7Bs8rtMd07LeXmL3NxcTLn7mUkbKZqEpPhMNkwJEE=
google.golang.org/grpc v1.56.0/go.mod h1:I9bI3vqKfayGqPUAwGdOSu7kt6oIJLixfffKrpXqQ9s=
google.golang.org/grpc v1.56.1 h1:z0dNfjIl0VpaZ9iSVjA6daGatAYwPGstTjt5vkRMFkQ=
google.golang.org/grpc v1.56.1/go.mod h1:I9bI3vqKfayGqPUAwGdOSu7kt6oIJLixfffKrpXqQ9s=
google.golang.org/grpc v1.56.2 h1:fVRFRnXvU+x6C4IlHZewvJOVHoOv1TUuQyoRsYnB4bI=
google.golang.org/grpc v1.56.2/go.mod h1:I9bI3vqKfayGqPUAwGdOSu7kt6oIJLixfffKrpXqQ9s=
google.golang.org/grpc v1.57.0 h1:kfzNeI/klCGD2YPMUlaGNT3pxvYfga7smW3Vth8Zsiw=
google.golang.org/grpc v1.57.0/go.mod h1:Sd+9RMTACXwmub0zcNY2c4arhtrbBYD1AUHI/dt16Mo=
google.golang.org/grpc v1.58.0 h1:32JY8YpPMSR45K+c3o6b8VL73V+rR8k+DeMIr4vRH8o=
google.golang.org/grpc v1.58.0/go.mod h1:tgX3ZQDlNJGU96V6yHh1T/JeoBQ2TXdr43YbYSsCJk0=
google.golang.org/grpc v1.58.1 h1:OL+Vz23DTtrrldqHK49FUOPHyY75rvFqJfXC84NYW58=
google.golang.org/grpc v1.58.1/go.mod h1:tgX3ZQDlNJGU96V6yHh1T/JeoBQ2TXdr43YbYSsCJk0=
google.golang.org/grpc v1.58.2 h1:SXUpjxeVF3FKrTYQI4f4KvbGD5u2xccdYdurwowix5I=
google.golang.org/grpc v1.58.2/go.mod h1:tgX3ZQDlNJGU96V6yHh1T/JeoBQ2TXdr43YbYSsCJk0=
google.golang.org/grpc v1.58.3 h1:BjnpXut1btbtgN/6sp+brB2Kbm2LjNXnidYujAVbSoQ=
google.golang.org/grpc v1.58.3/go.mod h1:tgX3ZQDlNJGU96V6yHh1T/JeoBQ2TXdr43YbYSsCJk0=
google.golang.org/grpc v1.59.0 h1:Z5Iec2pjwb+LEOqzpB2MR12/eKFhDPhuqW91O+4bwUk=
google.golang.org/grpc v1.59.0/go.mod h1:aUPDwccQo6OTjy7Hct4AfBPD1GptF4fyUjIkQ9YtF98=
google.golang.org/protobuf v1.26.0-rc.1/go.mod h1:jlhhOSvTdKEhbULTjvd4ARK9grFBp09yW+WbY/TyQbw=
google.golang.org/protobuf v1.26.0/go.mod h1:9q0QmTI4eRPtz6boOQmLYwt+qCgq0jsYwAQnmE0givc=
google.golang.org/protobuf v1.28.1 h1:d0NfwRgPtno5B1Wa6L2DAG+KivqkdutMf1UhdNx175w=
google.golang.org/protobuf v1.28.1/go.mod h1:HV8QOd/L58Z+nl8r43ehVNZIU/HEI6OcFqwMG9pJV4I=
google.golang.org/protobuf v1.30.0 h1:kPPoIgf3TsEvrm0PFe15JQ+570QVxYzEvvHqChK+cng=
google.golang.org/protobuf v1.30.0/go.mod h1:HV8QOd/L58Z+nl8r43ehVNZIU/HEI6OcFqwMG9pJV4I=
google.golang.org/protobuf v1.31.0 h1:g0LDEJHgrBl9N9r17Ru3sqWhkIx2NB67okBHPwC7hs8=
google.golang.org/protobuf v1.31.0/go.mod h1:HV8QOd/L58Z+nl8r43ehVNZIU/HEI6OcFqwMG9pJV4I=
gopkg.in/check.v1 v0.0.0-20161208181325-20d25e280405/go.mod h1:Co6ibVJAznAaIkqp8huTwlJQCZ016jof/cbN4VW5Yz0=
gopkg.in/check.v1 v1.0.0-20180628173108-788fd7840127 h1:qIbj1fsPNlZgppZ+VLlY7N33q108Sa+fhmuc+sWQYwY=
gopkg.in/check.v1 v1.0.0-20201130134442-10cb98267c6c h1:Hei/4ADfdWqJk1ZMxUNpqntNwaWcugrBjAiHlqqRiVk=
gopkg.in/yaml.v1 v1.0.0-20140924161607-9f9df34309c0/go.mod h1:WDnlLJ4WF5VGsH/HVa3CI79GS0ol3YnhVnKP89i0kNg=
gopkg.in/yaml.v2 v2.4.0 h1:D8xgwECY7CYvx+Y2n4sBz93Jn9JRvxdiyyo8CTfuKaY=
gopkg.in/yaml.v2 v2.4.0/go.mod h1:RDklbk79AGWmwhnvt/jBztapEOGDOx6ZbXqjP6csGnQ=
howett.net/plist v1.0.0 h1:7CrbWYbPPO/PyNy38b2EB/+gYbjCe2DXBxgtOOZbSQM=
howett.net/plist v1.0.0/go.mod h1:lqaXoTrLY4hg8tnEzNru53gicrbv7rrk+2xJA/7hw9g=
